
Microsoft Visual Studio Solution File, Format Version 12.00
# Visual Studio 15
VisualStudioVersion = 15.0.27703.2035
MinimumVisualStudioVersion = 10.0.40219.1
Project("{FAE04EC0-301F-11D3-BF4B-00C04F79EFBC}") = "Windows Server Wartung", "Windows Server Wartung\Windows Server Wartung.csproj", "{457D5DDB-22B3-47D9-837F-289489EF11EF}"
EndProject
Global
	GlobalSection(SolutionConfigurationPlatforms) = preSolution
		Debug|Any CPU = Debug|Any CPU
		Release|Any CPU = Release|Any CPU
	EndGlobalSection
	GlobalSection(ProjectConfigurationPlatforms) = postSolution
		{457D5DDB-22B3-47D9-837F-289489EF11EF}.Debug|Any CPU.ActiveCfg = Debug|Any CPU
		{457D5DDB-22B3-47D9-837F-289489EF11EF}.Debug|Any CPU.Build.0 = Debug|Any CPU
		{457D5DDB-22B3-47D9-837F-289489EF11EF}.Release|Any CPU.ActiveCfg = Release|Any CPU
		{457D5DDB-22B3-47D9-837F-289489EF11EF}.Release|Any CPU.Build.0 = Release|Any CPU
	EndGlobalSection
	GlobalSection(SolutionProperties) = preSolution
		HideSolutionNode = FALSE
	EndGlobalSection
	GlobalSection(ExtensibilityGlobals) = postSolution
		SolutionGuid = {C5391B0C-1E98-4205-AB5D-E1F79D7DD378}
	EndGlobalSection
EndGlobal
